// !$*UTF8*$!
{
	archiveVersion = 1;
	classes = {
	};
	objectVersion = 48;
	objects = {

/* Begin PBXBuildFile section */
		ED45B6AB20AE965E00FBA84E /* ScaleMakerApp.swift in Sources */ = {isa = PBXBuildFile; fileRef = ED45B6AA20AE965E00FBA84E /* ScaleMakerApp.swift */; };
		ED45B6AD20AE9A6F00FBA84E /* TypeDescriptorApp.swift in Sources */ = {isa = PBXBuildFile; fileRef = ED45B6AC20AE9A6F00FBA84E /* TypeDescriptorApp.swift */; };
		ED6A981020AD454300CD227E /* SCoreAudioError.swift in Sources */ = {isa = PBXBuildFile; fileRef = ED6A980F20AD454300CD227E /* SCoreAudioError.swift */; };
		ED72032020B0C1E6006070A9 /* BasicPlayback.swift in Sources */ = {isa = PBXBuildFile; fileRef = ED72031F20B0C1E6006070A9 /* BasicPlayback.swift */; };
		ED72032220B0CB50006070A9 /* BasicRecorder.swift in Sources */ = {isa = PBXBuildFile; fileRef = ED72032120B0CB50006070A9 /* BasicRecorder.swift */; };
		EDD321AB20A7B5190038F518 /* main.swift in Sources */ = {isa = PBXBuildFile; fileRef = EDD321AA20A7B5190038F518 /* main.swift */; };
		EDD321B220A7E7920038F518 /* NotesGenerator.swift in Sources */ = {isa = PBXBuildFile; fileRef = EDD321B120A7E7920038F518 /* NotesGenerator.swift */; };
		EDD321B420A7E8DA0038F518 /* ScaleMaker.swift in Sources */ = {isa = PBXBuildFile; fileRef = EDD321B320A7E8DA0038F518 /* ScaleMaker.swift */; };
		EDD321BC20A7FFB60038F518 /* ScaleMakerTest.swift in Sources */ = {isa = PBXBuildFile; fileRef = EDD321BB20A7FFB60038F518 /* ScaleMakerTest.swift */; };
/* End PBXBuildFile section */

/* Begin PBXCopyFilesBuildPhase section */
		EDD321A520A7B5190038F518 /* CopyFiles */ = {
			isa = PBXCopyFilesBuildPhase;
			buildActionMask = 2147483647;
			dstPath = /usr/share/man/man1/;
			dstSubfolderSpec = 0;
			files = (
			);
			runOnlyForDeploymentPostprocessing = 1;
		};
/* End PBXCopyFilesBuildPhase section */

/* Begin PBXFileReference section */
		ED45B6AA20AE965E00FBA84E /* ScaleMakerApp.swift */ = {isa = PBXFileReference; lastKnownFileType = sourcecode.swift; path = ScaleMakerApp.swift; sourceTree = "<group>"; };
		ED45B6AC20AE9A6F00FBA84E /* TypeDescriptorApp.swift */ = {isa = PBXFileReference; lastKnownFileType = sourcecode.swift; path = TypeDescriptorApp.swift; sourceTree = "<group>"; };
		ED5C9BF420B679C60004CE30 /* Good CoreAudio Resources */ = {isa = PBXFileReference; lastKnownFileType = text; path = "Good CoreAudio Resources"; sourceTree = "<group>"; };
		ED6A980F20AD454300CD227E /* SCoreAudioError.swift */ = {isa = PBXFileReference; lastKnownFileType = sourcecode.swift; path = SCoreAudioError.swift; sourceTree = "<group>"; };
		ED72031F20B0C1E6006070A9 /* BasicPlayback.swift */ = {isa = PBXFileReference; lastKnownFileType = sourcecode.swift; path = BasicPlayback.swift; sourceTree = "<group>"; };
		ED72032120B0CB50006070A9 /* BasicRecorder.swift */ = {isa = PBXFileReference; lastKnownFileType = sourcecode.swift; path = BasicRecorder.swift; sourceTree = "<group>"; };
		EDD321A720A7B5190038F518 /* CoreAudioToyApps */ = {isa = PBXFileReference; explicitFileType = "compiled.mach-o.executable"; includeInIndex = 0; path = CoreAudioToyApps; sourceTree = BUILT_PRODUCTS_DIR; };
		EDD321AA20A7B5190038F518 /* main.swift */ = {isa = PBXFileReference; lastKnownFileType = sourcecode.swift; path = main.swift; sourceTree = "<group>"; };
		EDD321B120A7E7920038F518 /* NotesGenerator.swift */ = {isa = PBXFileReference; lastKnownFileType = sourcecode.swift; path = NotesGenerator.swift; sourceTree = "<group>"; };
		EDD321B320A7E8DA0038F518 /* ScaleMaker.swift */ = {isa = PBXFileReference; lastKnownFileType = sourcecode.swift; path = ScaleMaker.swift; sourceTree = "<group>"; };
		EDD321B920A7FFB60038F518 /* ScaleMakerTest.xctest */ = {isa = PBXFileReference; explicitFileType = wrapper.cfbundle; includeInIndex = 0; path = ScaleMakerTest.xctest; sourceTree = BUILT_PRODUCTS_DIR; };
		EDD321BB20A7FFB60038F518 /* ScaleMakerTest.swift */ = {isa = PBXFileReference; lastKnownFileType = sourcecode.swift; path = ScaleMakerTest.swift; sourceTree = "<group>"; };
		EDD321BD20A7FFB60038F518 /* Info.plist */ = {isa = PBXFileReference; lastKnownFileType = text.plist.xml; path = Info.plist; sourceTree = "<group>"; };
/* End PBXFileReference section */

/* Begin PBXFrameworksBuildPhase section */
		EDD321A420A7B5190038F518 /* Frameworks */ = {
			isa = PBXFrameworksBuildPhase;
			buildActionMask = 2147483647;
			files = (
			);
			runOnlyForDeploymentPostprocessing = 0;
		};
		EDD321B620A7FFB60038F518 /* Frameworks */ = {
			isa = PBXFrameworksBuildPhase;
			buildActionMask = 2147483647;
			files = (
			);
			runOnlyForDeploymentPostprocessing = 0;
		};
/* End PBXFrameworksBuildPhase section */

/* Begin PBXGroup section */
		ED45B6AE20AE9CA800FBA84E /* Applications */ = {
			isa = PBXGroup;
			children = (
				ED45B6AC20AE9A6F00FBA84E /* TypeDescriptorApp.swift */,
				ED45B6AA20AE965E00FBA84E /* ScaleMakerApp.swift */,
				ED72031F20B0C1E6006070A9 /* BasicPlayback.swift */,
				ED72032120B0CB50006070A9 /* BasicRecorder.swift */,
			);
			path = Applications;
			sourceTree = "<group>";
		};
		ED45FF7720B7D530009D1737 /* HelperLibs */ = {
			isa = PBXGroup;
			children = (
				EDD321B120A7E7920038F518 /* NotesGenerator.swift */,
				EDD321B320A7E8DA0038F518 /* ScaleMaker.swift */,
				ED6A980F20AD454300CD227E /* SCoreAudioError.swift */,
			);
			path = HelperLibs;
			sourceTree = "<group>";
		};
		EDD3219E20A7B5190038F518 = {
			isa = PBXGroup;
			children = (
				EDD321A920A7B5190038F518 /* CoreAudioToyApps */,
				EDD321BA20A7FFB60038F518 /* ScaleMakerTest */,
				EDD321A820A7B5190038F518 /* Products */,
			);
			sourceTree = "<group>";
		};
		EDD321A820A7B5190038F518 /* Products */ = {
			isa = PBXGroup;
			children = (
				EDD321A720A7B5190038F518 /* CoreAudioToyApps */,
				EDD321B920A7FFB60038F518 /* ScaleMakerTest.xctest */,
			);
			name = Products;
			sourceTree = "<group>";
		};
		EDD321A920A7B5190038F518 /* CoreAudioToyApps */ = {
			isa = PBXGroup;
			children = (
				ED45FF7720B7D530009D1737 /* HelperLibs */,
				ED45B6AE20AE9CA800FBA84E /* Applications */,
				EDD321AA20A7B5190038F518 /* main.swift */,
				ED5C9BF420B679C60004CE30 /* Good CoreAudio Resources */,
			);
			path = CoreAudioToyApps;
			sourceTree = "<group>";
		};
		EDD321BA20A7FFB60038F518 /* ScaleMakerTest */ = {
			isa = PBXGroup;
			children = (
				EDD321BB20A7FFB60038F518 /* ScaleMakerTest.swift */,
				EDD321BD20A7FFB60038F518 /* Info.plist */,
			);
			path = ScaleMakerTest;
			sourceTree = "<group>";
		};
/* End PBXGroup section */

/* Begin PBXNativeTarget section */
		EDD321A620A7B5190038F518 /* CoreAudioToyApps */ = {
			isa = PBXNativeTarget;
			buildConfigurationList = EDD321AE20A7B5190038F518 /* Build configuration list for PBXNativeTarget "CoreAudioToyApps" */;
			buildPhases = (
				EDD321A320A7B5190038F518 /* Sources */,
				EDD321A420A7B5190038F518 /* Frameworks */,
				EDD321A520A7B5190038F518 /* CopyFiles */,
			);
			buildRules = (
			);
			dependencies = (
			);
			name = CoreAudioToyApps;
			productName = BookPractice2;
			productReference = EDD321A720A7B5190038F518 /* CoreAudioToyApps */;
			productType = "com.apple.product-type.tool";
		};
		EDD321B820A7FFB60038F518 /* ScaleMakerTest */ = {
			isa = PBXNativeTarget;
			buildConfigurationList = EDD321BE20A7FFB60038F518 /* Build configuration list for PBXNativeTarget "ScaleMakerTest" */;
			buildPhases = (
				EDD321B520A7FFB60038F518 /* Sources */,
				EDD321B620A7FFB60038F518 /* Frameworks */,
				EDD321B720A7FFB60038F518 /* Resources */,
			);
			buildRules = (
			);
			dependencies = (
			);
			name = ScaleMakerTest;
			productName = ScaleMakerTest;
			productReference = EDD321B920A7FFB60038F518 /* ScaleMakerTest.xctest */;
			productType = "com.apple.product-type.bundle.unit-test";
		};
/* End PBXNativeTarget section */

/* Begin PBXProject section */
		EDD3219F20A7B5190038F518 /* Project object */ = {
			isa = PBXProject;
			attributes = {
				LastSwiftUpdateCheck = 0900;
				LastUpgradeCheck = 0900;
				ORGANIZATIONNAME = Moi;
				TargetAttributes = {
					EDD321A620A7B5190038F518 = {
						CreatedOnToolsVersion = 9.0;
						ProvisioningStyle = Automatic;
					};
					EDD321B820A7FFB60038F518 = {
						CreatedOnToolsVersion = 9.0;
						ProvisioningStyle = Automatic;
					};
				};
			};
			buildConfigurationList = EDD321A220A7B5190038F518 /* Build configuration list for PBXProject "CoreAudioToyApps" */;
			compatibilityVersion = "Xcode 8.0";
			developmentRegion = en;
			hasScannedForEncodings = 0;
			knownRegions = (
				en,
			);
			mainGroup = EDD3219E20A7B5190038F518;
			productRefGroup = EDD321A820A7B5190038F518 /* Products */;
			projectDirPath = "";
			projectRoot = "";
			targets = (
				EDD321A620A7B5190038F518 /* CoreAudioToyApps */,
				EDD321B820A7FFB60038F518 /* ScaleMakerTest */,
			);
		};
/* End PBXProject section */

/* Begin PBXResourcesBuildPhase section */
		EDD321B720A7FFB60038F518 /* Resources */ = {
			isa = PBXResourcesBuildPhase;
			buildActionMask = 2147483647;
			files = (
			);
			runOnlyForDeploymentPostprocessing = 0;
		};
/* End PBXResourcesBuildPhase section */

/* Begin PBXSourcesBuildPhase section */
		EDD321A320A7B5190038F518 /* Sources */ = {
			isa = PBXSourcesBuildPhase;
			buildActionMask = 2147483647;
			files = (
				ED45B6AD20AE9A6F00FBA84E /* TypeDescriptorApp.swift in Sources */,
				ED72032220B0CB50006070A9 /* BasicRecorder.swift in Sources */,
				EDD321AB20A7B5190038F518 /* main.swift in Sources */,
				ED6A981020AD454300CD227E /* SCoreAudioError.swift in Sources */,
				EDD321B420A7E8DA0038F518 /* ScaleMaker.swift in Sources */,
				ED45B6AB20AE965E00FBA84E /* ScaleMakerApp.swift in Sources */,
				EDD321B220A7E7920038F518 /* NotesGenerator.swift in Sources */,
				ED72032020B0C1E6006070A9 /* BasicPlayback.swift in Sources */,
			);
			runOnlyForDeploymentPostprocessing = 0;
		};
		EDD321B520A7FFB60038F518 /* Sources */ = {
			isa = PBXSourcesBuildPhase;
			buildActionMask = 2147483647;
			files = (
				EDD321BC20A7FFB60038F518 /* ScaleMakerTest.swift in Sources */,
			);
			runOnlyForDeploymentPostprocessing = 0;
		};
/* End PBXSourcesBuildPhase section */

/* Begin XCBuildConfiguration section */
		EDD321AC20A7B5190038F518 /* Debug */ = {
			isa = XCBuildConfiguration;
			buildSettings = {
				ALWAYS_SEARCH_USER_PATHS = NO;
				CLANG_ANALYZER_NONNULL = YES;
				CLANG_ANALYZER_NUMBER_OBJECT_CONVERSION = YES_AGGRESSIVE;
				CLANG_CXX_LANGUAGE_STANDARD = "gnu++14";
				CLANG_CXX_LIBRARY = "libc++";
				CLANG_ENABLE_MODULES = YES;
				CLANG_ENABLE_OBJC_ARC = YES;
				CLANG_WARN_BLOCK_CAPTURE_AUTORELEASING = YES;
				CLANG_WARN_BOOL_CONVERSION = YES;
				CLANG_WARN_COMMA = YES;
				CLANG_WARN_CONSTANT_CONVERSION = YES;
				CLANG_WARN_DIRECT_OBJC_ISA_USAGE = YES_ERROR;
				CLANG_WARN_DOCUMENTATION_COMMENTS = YES;
				CLANG_WARN_EMPTY_BODY = YES;
				CLANG_WARN_ENUM_CONVERSION = YES;
				CLANG_WARN_INFINITE_RECURSION = YES;
				CLANG_WARN_INT_CONVERSION = YES;
				CLANG_WARN_NON_LITERAL_NULL_CONVERSION = YES;
				CLANG_WARN_OBJC_LITERAL_CONVERSION = YES;
				CLANG_WARN_OBJC_ROOT_CLASS = YES_ERROR;
				CLANG_WARN_RANGE_LOOP_ANALYSIS = YES;
				CLANG_WARN_STRICT_PROTOTYPES = YES;
				CLANG_WARN_SUSPICIOUS_MOVE = YES;
				CLANG_WARN_UNGUARDED_AVAILABILITY = YES_AGGRESSIVE;
				CLANG_WARN_UNREACHABLE_CODE = YES;
				CLANG_WARN__DUPLICATE_METHOD_MATCH = YES;
				CODE_SIGN_IDENTITY = "-";
				COPY_PHASE_STRIP = NO;
				DEBUG_INFORMATION_FORMAT = dwarf;
				ENABLE_STRICT_OBJC_MSGSEND = YES;
				ENABLE_TESTABILITY = YES;
				GCC_C_LANGUAGE_STANDARD = gnu11;
				GCC_DYNAMIC_NO_PIC = NO;
				GCC_NO_COMMON_BLOCKS = YES;
				GCC_OPTIMIZATION_LEVEL = 0;
				GCC_PREPROCESSOR_DEFINITIONS = (
					"DEBUG=1",
					"$(inherited)",
				);
				GCC_WARN_64_TO_32_BIT_CONVERSION = YES;
				GCC_WARN_ABOUT_RETURN_TYPE = YES_ERROR;
				GCC_WARN_UNDECLARED_SELECTOR = YES;
				GCC_WARN_UNINITIALIZED_AUTOS = YES_AGGRESSIVE;
				GCC_WARN_UNUSED_FUNCTION = YES;
				GCC_WARN_UNUSED_VARIABLE = YES;
				MACOSX_DEPLOYMENT_TARGET = 10.13;
				MTL_ENABLE_DEBUG_INFO = YES;
				ONLY_ACTIVE_ARCH = YES;
				SDKROOT = macosx;
				SWIFT_ACTIVE_COMPILATION_CONDITIONS = DEBUG;
				SWIFT_OPTIMIZATION_LEVEL = "-Onone";
			};
			name = Debug;
		};
		EDD321AD20A7B5190038F518 /* Release */ = {
			isa = XCBuildConfiguration;
			buildSettings = {
				ALWAYS_SEARCH_USER_PATHS = NO;
				CLANG_ANALYZER_NONNULL = YES;
				CLANG_ANALYZER_NUMBER_OBJECT_CONVERSION = YES_AGGRESSIVE;
				CLANG_CXX_LANGUAGE_STANDARD = "gnu++14";
				CLANG_CXX_LIBRARY = "libc++";
				CLANG_ENABLE_MODULES = YES;
				CLANG_ENABLE_OBJC_ARC = YES;
				CLANG_WARN_BLOCK_CAPTURE_AUTORELEASING = YES;
				CLANG_WARN_BOOL_CONVERSION = YES;
				CLANG_WARN_COMMA = YES;
				CLANG_WARN_CONSTANT_CONVERSION = YES;
				CLANG_WARN_DIRECT_OBJC_ISA_USAGE = YES_ERROR;
				CLANG_WARN_DOCUMENTATION_COMMENTS = YES;
				CLANG_WARN_EMPTY_BODY = YES;
				CLANG_WARN_ENUM_CONVERSION = YES;
				CLANG_WARN_INFINITE_RECURSION = YES;
				CLANG_WARN_INT_CONVERSION = YES;
				CLANG_WARN_NON_LITERAL_NULL_CONVERSION = YES;
				CLANG_WARN_OBJC_LITERAL_CONVERSION = YES;
				CLANG_WARN_OBJC_ROOT_CLASS = YES_ERROR;
				CLANG_WARN_RANGE_LOOP_ANALYSIS = YES;
				CLANG_WARN_STRICT_PROTOTYPES = YES;
				CLANG_WARN_SUSPICIOUS_MOVE = YES;
				CLANG_WARN_UNGUARDED_AVAILABILITY = YES_AGGRESSIVE;
				CLANG_WARN_UNREACHABLE_CODE = YES;
				CLANG_WARN__DUPLICATE_METHOD_MATCH = YES;
				CODE_SIGN_IDENTITY = "-";
				COPY_PHASE_STRIP = NO;
				DEBUG_INFORMATION_FORMAT = "dwarf-with-dsym";
				ENABLE_NS_ASSERTIONS = NO;
				ENABLE_STRICT_OBJC_MSGSEND = YES;
				GCC_C_LANGUAGE_STANDARD = gnu11;
				GCC_NO_COMMON_BLOCKS = YES;
				GCC_WARN_64_TO_32_BIT_CONVERSION = YES;
				GCC_WARN_ABOUT_RETURN_TYPE = YES_ERROR;
				GCC_WARN_UNDECLARED_SELECTOR = YES;
				GCC_WARN_UNINITIALIZED_AUTOS = YES_AGGRESSIVE;
				GCC_WARN_UNUSED_FUNCTION = YES;
				GCC_WARN_UNUSED_VARIABLE = YES;
				MACOSX_DEPLOYMENT_TARGET = 10.13;
				MTL_ENABLE_DEBUG_INFO = NO;
				SDKROOT = macosx;
				SWIFT_OPTIMIZATION_LEVEL = "-Owholemodule";
			};
			name = Release;
		};
		EDD321AF20A7B5190038F518 /* Debug */ = {
			isa = XCBuildConfiguration;
			buildSettings = {
				CODE_SIGN_STYLE = Automatic;
				PRODUCT_NAME = "$(TARGET_NAME)";
				SWIFT_VERSION = 4.0;
			};
			name = Debug;
		};
		EDD321B020A7B5190038F518 /* Release */ = {
			isa = XCBuildConfiguration;
			buildSettings = {
				CODE_SIGN_STYLE = Automatic;
				PRODUCT_NAME = "$(TARGET_NAME)";
				SWIFT_VERSION = 4.0;
			};
			name = Release;
		};
		EDD321BF20A7FFB60038F518 /* Debug */ = {
			isa = XCBuildConfiguration;
			buildSettings = {
				CODE_SIGN_STYLE = Automatic;
				COMBINE_HIDPI_IMAGES = YES;
				INFOPLIST_FILE = ScaleMakerTest/Info.plist;
				LD_RUNPATH_SEARCH_PATHS = "$(inherited) @executable_path/../Frameworks @loader_path/../Frameworks";
				PRODUCT_BUNDLE_IDENTIFIER = Moises.ScaleMakerTest;
				PRODUCT_NAME = "$(TARGET_NAME)";
				SWIFT_VERSION = 4.0;
			};
			name = Debug;
		};
		EDD321C020A7FFB60038F518 /* Release */ = {
			isa = XCBuildConfiguration;
			buildSettings = {
				CODE_SIGN_STYLE = Automatic;
				COMBINE_HIDPI_IMAGES = YES;
				INFOPLIST_FILE = ScaleMakerTest/Info.plist;
				LD_RUNPATH_SEARCH_PATHS = "$(inherited) @executable_path/../Frameworks @loader_path/../Frameworks";
				PRODUCT_BUNDLE_IDENTIFIER = Moises.ScaleMakerTest;
				PRODUCT_NAME = "$(TARGET_NAME)";
				SWIFT_VERSION = 4.0;
			};
			name = Release;
		};
/* End XCBuildConfiguration section */

/* Begin XCConfigurationList section */
		EDD321A220A7B5190038F518 /* Build configuration list for PBXProject "CoreAudioToyApps" */ = {
			isa = XCConfigurationList;
			buildConfigurations = (
				EDD321AC20A7B5190038F518 /* Debug */,
				EDD321AD20A7B5190038F518 /* Release */,
			);
			defaultConfigurationIsVisible = 0;
			defaultConfigurationName = Release;
		};
		EDD321AE20A7B5190038F518 /* Build configuration list for PBXNativeTarget "CoreAudioToyApps" */ = {
			isa = XCConfigurationList;
			buildConfigurations = (
				EDD321AF20A7B5190038F518 /* Debug */,
				EDD321B020A7B5190038F518 /* Release */,
			);
			defaultConfigurationIsVisible = 0;
			defaultConfigurationName = Release;
		};
		EDD321BE20A7FFB60038F518 /* Build configuration list for PBXNativeTarget "ScaleMakerTest" */ = {
			isa = XCConfigurationList;
			buildConfigurations = (
				EDD321BF20A7FFB60038F518 /* Debug */,
				EDD321C020A7FFB60038F518 /* Release */,
			);
			defaultConfigurationIsVisible = 0;
			defaultConfigurationName = Release;
		};
/* End XCConfigurationList section */
	};
	rootObject = EDD3219F20A7B5190038F518 /* Project object */;
}
